
Microsoft Visual Studio Solution File, Format Version 12.00
# Visual Studio Version 16
VisualStudioVersion = 16.0.29306.81
MinimumVisualStudioVersion = 10.0.40219.1
Project("{FAE04EC0-301F-11D3-BF4B-00C04F79EFBC}") = "ADNetCoreApp_001", "ADNetCoreApp_001\ADNetCoreApp_001.csproj", "{CAD2C64A-D2B3-48A8-815A-AE4D7366E05C}"
EndProject
Global
	GlobalSection(SolutionConfigurationPlatforms) = preSolution
		Debug|Any CPU = Debug|Any CPU
		Release|Any CPU = Release|Any CPU
	EndGlobalSection
	GlobalSection(ProjectConfigurationPlatforms) = postSolution
		{CAD2C64A-D2B3-48A8-815A-AE4D7366E05C}.Debug|Any CPU.ActiveCfg = Debug|Any CPU
		{CAD2C64A-D2B3-48A8-815A-AE4D7366E05C}.Debug|Any CPU.Build.0 = Debug|Any CPU
		{CAD2C64A-D2B3-48A8-815A-AE4D7366E05C}.Release|Any CPU.ActiveCfg = Release|Any CPU
		{CAD2C64A-D2B3-48A8-815A-AE4D7366E05C}.Release|Any CPU.Build.0 = Release|Any CPU
	EndGlobalSection
	GlobalSection(SolutionProperties) = preSolution
		HideSolutionNode = FALSE
	EndGlobalSection
	GlobalSection(ExtensibilityGlobals) = postSolution
		SolutionGuid = {3DB23D7A-59DC-4A2E-B9F4-700824D6EF52}
	EndGlobalSection
EndGlobal
